
Microsoft Visual Studio Solution File, Format Version 12.00
# Visual Studio Version 17
VisualStudioVersion = 17.11.35222.181
MinimumVisualStudioVersion = 10.0.40219.1
Project("{FAE04EC0-301F-11D3-BF4B-00C04F79EFBC}") = "AFSQL", "AFSQL\AFSQL.csproj", "{7E96D514-58EC-41A5-8BDF-54221784400C}"
EndProject
Global
	GlobalSection(SolutionConfigurationPlatforms) = preSolution
		Debug|Any CPU = Debug|Any CPU
		Release|Any CPU = Release|Any CPU
	EndGlobalSection
	GlobalSection(ProjectConfigurationPlatforms) = postSolution
		{7E96D514-58EC-41A5-8BDF-54221784400C}.Debug|Any CPU.ActiveCfg = Debug|Any CPU
		{7E96D514-58EC-41A5-8BDF-54221784400C}.Debug|Any CPU.Build.0 = Debug|Any CPU
		{7E96D514-58EC-41A5-8BDF-54221784400C}.Release|Any CPU.ActiveCfg = Release|Any CPU
		{7E96D514-58EC-41A5-8BDF-54221784400C}.Release|Any CPU.Build.0 = Release|Any CPU
	EndGlobalSection
	GlobalSection(SolutionProperties) = preSolution
		HideSolutionNode = FALSE
	EndGlobalSection
	GlobalSection(ExtensibilityGlobals) = postSolution
		SolutionGuid = {25EBB82F-414A-419F-AD63-044D12CFC8C7}
	EndGlobalSection
EndGlobal
